<?xml version="1.0" encoding="utf-8"?>
<Project ToolsVersion="4.0" xmlns="http://schemas.microsoft.com/developer/msbuild/2003">
  <ItemGroup>
    <ClCompile Include="59.cpp" />
    <ClCompile Include="203.cpp" />
    <ClCompile Include="707.cpp" />
    <ClCompile Include="206.cpp" />
    <ClCompile Include="142.cpp" />
    <ClCompile Include="242.cpp" />
    <ClCompile Include="349.cpp" />
    <ClCompile Include="main.cpp" />
  </ItemGroup>
  <ItemGroup>
    <None Include="README.md" />
  </ItemGroup>
  <ItemGroup>
    <ClInclude Include="1.h" />
    <ClInclude Include="151.h" />
    <ClInclude Include="27.h" />
    <ClInclude Include="344.h" />
    <ClInclude Include="459.h" />
    <ClInclude Include="20.h" />
  </ItemGroup>
</Project>